
Microsoft Visual Studio Solution File, Format Version 12.00
# Visual Studio Version 16
VisualStudioVersion = 16.0.31129.286
MinimumVisualStudioVersion = 10.0.40219.1
Project("{FAE04EC0-301F-11D3-BF4B-00C04F79EFBC}") = "NahhasWeb.API", "NahhasWeb.API\NahhasWeb.API.csproj", "{8F7D8366-FA8D-491E-98C2-F3D4DB0ED8B0}"
EndProject
Project("{FAE04EC0-301F-11D3-BF4B-00C04F79EFBC}") = "NahhasWeb.Shared", "NahhasWeb.Shared\NahhasWeb.Shared.csproj", "{BB4E75E1-42E3-4D44-A78A-ECC859711AD6}"
EndProject
Global
	GlobalSection(SolutionConfigurationPlatforms) = preSolution
		Debug|Any CPU = Debug|Any CPU
		Release|Any CPU = Release|Any CPU
	EndGlobalSection
	GlobalSection(ProjectConfigurationPlatforms) = postSolution
		{8F7D8366-FA8D-491E-98C2-F3D4DB0ED8B0}.Debug|Any CPU.ActiveCfg = Debug|Any CPU
		{8F7D8366-FA8D-491E-98C2-F3D4DB0ED8B0}.Debug|Any CPU.Build.0 = Debug|Any CPU
		{8F7D8366-FA8D-491E-98C2-F3D4DB0ED8B0}.Release|Any CPU.ActiveCfg = Release|Any CPU
		{8F7D8366-FA8D-491E-98C2-F3D4DB0ED8B0}.Release|Any CPU.Build.0 = Release|Any CPU
		{BB4E75E1-42E3-4D44-A78A-ECC859711AD6}.Debug|Any CPU.ActiveCfg = Debug|Any CPU
		{BB4E75E1-42E3-4D44-A78A-ECC859711AD6}.Debug|Any CPU.Build.0 = Debug|Any CPU
		{BB4E75E1-42E3-4D44-A78A-ECC859711AD6}.Release|Any CPU.ActiveCfg = Release|Any CPU
		{BB4E75E1-42E3-4D44-A78A-ECC859711AD6}.Release|Any CPU.Build.0 = Release|Any CPU
	EndGlobalSection
	GlobalSection(SolutionProperties) = preSolution
		HideSolutionNode = FALSE
	EndGlobalSection
	GlobalSection(ExtensibilityGlobals) = postSolution
		SolutionGuid = {DD6E70E1-F664-468F-985F-04CFD0ABFE4C}
	EndGlobalSection
EndGlobal
